
Microsoft Visual Studio Solution File, Format Version 12.00
# Visual Studio Version 17
VisualStudioVersion = 17.0.32014.148
MinimumVisualStudioVersion = 10.0.40219.1
Project("{FAE04EC0-301F-11D3-BF4B-00C04F79EFBC}") = "Day6", "Day6\Day6.csproj", "{93C838ED-CB54-4035-BBE4-7AA07285810C}"
EndProject
Global
	GlobalSection(SolutionConfigurationPlatforms) = preSolution
		Debug|Any CPU = Debug|Any CPU
		Release|Any CPU = Release|Any CPU
	EndGlobalSection
	GlobalSection(ProjectConfigurationPlatforms) = postSolution
		{93C838ED-CB54-4035-BBE4-7AA07285810C}.Debug|Any CPU.ActiveCfg = Debug|Any CPU
		{93C838ED-CB54-4035-BBE4-7AA07285810C}.Debug|Any CPU.Build.0 = Debug|Any CPU
		{93C838ED-CB54-4035-BBE4-7AA07285810C}.Release|Any CPU.ActiveCfg = Release|Any CPU
		{93C838ED-CB54-4035-BBE4-7AA07285810C}.Release|Any CPU.Build.0 = Release|Any CPU
	EndGlobalSection
	GlobalSection(SolutionProperties) = preSolution
		HideSolutionNode = FALSE
	EndGlobalSection
	GlobalSection(ExtensibilityGlobals) = postSolution
		SolutionGuid = {F8BD58EB-1E8D-4110-9836-CA5CF317541F}
	EndGlobalSection
EndGlobal
