
Microsoft Visual Studio Solution File, Format Version 12.00
# Visual Studio Version 17
VisualStudioVersion = 17.0.32014.148
MinimumVisualStudioVersion = 10.0.40219.1
Project("{FAE04EC0-301F-11D3-BF4B-00C04F79EFBC}") = "Day5CaseStudy2", "Day5CaseStudy2\Day5CaseStudy2.csproj", "{35A3152C-705F-4DA2-8B99-7D00761DFFD6}"
EndProject
Global
	GlobalSection(SolutionConfigurationPlatforms) = preSolution
		Debug|Any CPU = Debug|Any CPU
		Release|Any CPU = Release|Any CPU
	EndGlobalSection
	GlobalSection(ProjectConfigurationPlatforms) = postSolution
		{35A3152C-705F-4DA2-8B99-7D00761DFFD6}.Debug|Any CPU.ActiveCfg = Debug|Any CPU
		{35A3152C-705F-4DA2-8B99-7D00761DFFD6}.Debug|Any CPU.Build.0 = Debug|Any CPU
		{35A3152C-705F-4DA2-8B99-7D00761DFFD6}.Release|Any CPU.ActiveCfg = Release|Any CPU
		{35A3152C-705F-4DA2-8B99-7D00761DFFD6}.Release|Any CPU.Build.0 = Release|Any CPU
	EndGlobalSection
	GlobalSection(SolutionProperties) = preSolution
		HideSolutionNode = FALSE
	EndGlobalSection
	GlobalSection(ExtensibilityGlobals) = postSolution
		SolutionGuid = {2F168901-9DE0-4B95-A436-A0F3B491F8C7}
	EndGlobalSection
EndGlobal
